
Microsoft Visual Studio Solution File, Format Version 12.00
# Visual Studio Version 17
VisualStudioVersion = 17.13.35931.197 d17.13
MinimumVisualStudioVersion = 10.0.40219.1
Project("{FAE04EC0-301F-11D3-BF4B-00C04F79EFBC}") = "Bookwaala_app", "Bookwaala_app\Bookwaala_app.csproj", "{470B4C01-F122-415C-81D9-C5DF09A10C7E}"
EndProject
Project("{FAE04EC0-301F-11D3-BF4B-00C04F79EFBC}") = "Bookwaala_Domain", "Bookwaala_Domain\Bookwaala_Domain.csproj", "{8B6D7B2E-44E0-484C-B02C-1A6B691F7B9D}"
EndProject
Global
	GlobalSection(SolutionConfigurationPlatforms) = preSolution
		Debug|Any CPU = Debug|Any CPU
		Release|Any CPU = Release|Any CPU
	EndGlobalSection
	GlobalSection(ProjectConfigurationPlatforms) = postSolution
		{470B4C01-F122-415C-81D9-C5DF09A10C7E}.Debug|Any CPU.ActiveCfg = Debug|Any CPU
		{470B4C01-F122-415C-81D9-C5DF09A10C7E}.Debug|Any CPU.Build.0 = Debug|Any CPU
		{470B4C01-F122-415C-81D9-C5DF09A10C7E}.Release|Any CPU.ActiveCfg = Release|Any CPU
		{470B4C01-F122-415C-81D9-C5DF09A10C7E}.Release|Any CPU.Build.0 = Release|Any CPU
		{8B6D7B2E-44E0-484C-B02C-1A6B691F7B9D}.Debug|Any CPU.ActiveCfg = Debug|Any CPU
		{8B6D7B2E-44E0-484C-B02C-1A6B691F7B9D}.Debug|Any CPU.Build.0 = Debug|Any CPU
		{8B6D7B2E-44E0-484C-B02C-1A6B691F7B9D}.Release|Any CPU.ActiveCfg = Release|Any CPU
		{8B6D7B2E-44E0-484C-B02C-1A6B691F7B9D}.Release|Any CPU.Build.0 = Release|Any CPU
	EndGlobalSection
	GlobalSection(SolutionProperties) = preSolution
		HideSolutionNode = FALSE
	EndGlobalSection
	GlobalSection(ExtensibilityGlobals) = postSolution
		SolutionGuid = {E382DB39-1EE1-4F3E-AD5A-B9AAF3975059}
	EndGlobalSection
EndGlobal
